{
  "name": "hrm",
  "lockfileVersion": 3,
  "requires": true,
  "packages": {
    "": {
      "dependencies": {
        "hrm-cpu": "^0.2.3",
        "hrm-image-decoder": "^0.1.1"
      }
    },
    "node_modules/hrm-cpu": {
      "version": "0.2.3",
      "resolved": "https://registry.npmjs.org/hrm-cpu/-/hrm-cpu-0.2.3.tgz",
      "integrity": "sha512-VRJCQQ9rjPimLrCABLdbEh2odpoV9BcrxSx3hYqgWK0tj1f+4LvW69f63QMAXlb2UYOKTRvJf0Se89PrbyXb0g==",
      "dependencies": {
        "hrm-parser": "^0.2.0"
      },
      "engines": {
        "node": ">=4.1.2"
      }
    },
    "node_modules/hrm-image-decoder": {
      "version": "0.1.1",
      "resolved": "https://registry.npmjs.org/hrm-image-decoder/-/hrm-image-decoder-0.1.1.tgz",
      "integrity": "sha512-i1+85NUeeM4Gpi/2qaU6fKigqSY/mJ50/ORfY9h+OVwhvNIedx7ciC8RmLXs/KAk6vzbamXS4s7nKFddmIZIXw=="
    },
    "node_modules/hrm-parser": {
      "version": "0.2.2",
      "resolved": "https://registry.npmjs.org/hrm-parser/-/hrm-parser-0.2.2.tgz",
      "integrity": "sha512-VNgal6CkSfB34AerGV6Jlc+a1eeEfGKkXwg91GMt1iwBSMNpPY/1Eee5tgtL77tsyqZNF7CfCmOqL4wS5BHBRQ==",
      "engines": {
        "node": ">=4.1.2"
      }
    }
  }
}
